{
    "_readme": [
        "This file locks the dependencies of your project to a known state",
        "Read more about it at https://getcomposer.org/doc/01-basic-usage.md#installing-dependencies",
        "This file is @generated automatically"
    ],
    "content-hash": "a1bcc5012d06fdc10275f543bc3119f6",
    "packages": [
        {
            "name": "zendframework/zendframework1",
            "version": "1.12.20",
            "source": {
                "type": "git",
                "url": "https://github.com/zendframework/zf1.git",
                "reference": "1409294a30b6e944c43c5765678c8c7a263694c1"
            },
            "dist": {
                "type": "zip",
                "url": "https://packages.zendframework.com/composer/zendframework-zendframework1-1.12.20-32a8a9.zip",
                "reference": "1409294a30b6e944c43c5765678c8c7a263694c1",
                "shasum": "2ac1f5118f6752c132756e8d2fd914d1eecd0eaf"
            },
            "archive": {
                "exclude": [
                    "/demos",
                    "/documentation",
                    "/tests"
                ]
            },
            "require": {
                "php": ">=5.2.11"
            },
            "require-dev": {
                "phpunit/dbunit": "1.3.*",
                "phpunit/phpunit": "3.7.*"
            },
            "type": "library",
            "extra": {
                "branch-alias": {
                    "dev-master": "1.12.x-dev"
                }
            },
            "autoload": {
                "psr-0": {
                    "Zend_": "library/"
                }
            },
            "include-path": [
                "library/"
            ],
            "license": [
                "BSD-3-Clause"
            ],
            "description": "Zend Framework 1",
            "homepage": "http://framework.zend.com/",
            "keywords": [
                "framework",
                "zf1"
            ],
            "time": "2016-09-08T14:50:34+00:00"
        }
    ],
    "packages-dev": [],
    "aliases": [],
    "minimum-stability": "stable",
    "stability-flags": [],
    "prefer-stable": false,
    "prefer-lowest": false,
    "platform": [],
    "platform-dev": [],
    "plugin-api-version": "1.1.0"
}
